{
  "name": "sample",
  "version": "1.0.0",
  "lockfileVersion": 2,
  "requires": true,
  "packages": {
    "": {
      "name": "sample",
      "version": "1.0.0",
      "license": "ISC",
      "dependencies": {
        "react": "^0.0"
      }
    },
    "node_modules/react": {
      "version": "0.0.3",
      "resolved": "https://registry.npmjs.org/react/-/react-0.0.3.tgz",
      "integrity": "sha1-tIck1oBHoJq3JtBmtCkOU6fZSm0=",
      "engines": {
        "node": "~v0.4.12"
      }
    }
  },
  "dependencies": {
    "react": {
      "version": "0.0.3",
      "resolved": "https://registry.npmjs.org/react/-/react-0.0.3.tgz",
      "integrity": "sha1-tIck1oBHoJq3JtBmtCkOU6fZSm0="
    }
  }
}
